<Solution>
  <Folder Name="/Solution Items/">
    <File Path=".editorconfig" />
  </Folder>
  <Project Path="EIV_Pack.Example/EIV_Pack.Example.csproj" />
  <Project Path="EIV_Pack.Generator/EIV_Pack.Generator.csproj" />
  <Project Path="EIV_Pack.Test/EIV_Pack.Test.csproj" />
  <Project Path="EIV_Pack/EIV_Pack.csproj" />
</Solution>
